lockfileVersion: 5.4

specifiers:
  nvm: ^0.0.4

dependencies:
  nvm: 0.0.4

packages:

  /nvm/0.0.4:
    resolution: {integrity: sha512-jvmyELykYcdyd0VCGY0E8Aqe5MngEasVvlPvrcJHbwBMUbVqa72mPdQuPzyTcykEtEx7jDrMY0QA5MoV+8EhgA==}
    deprecated: This is NOT the correct nvm. Visit https://nvm.sh and use the curl command to install it.
    hasBin: true
    dev: false
